
Microsoft Visual Studio Solution File, Format Version 12.00
# Visual Studio Version 17
VisualStudioVersion = 17.9.34723.18
MinimumVisualStudioVersion = 10.0.40219.1
Project("{FAE04EC0-301F-11D3-BF4B-00C04F79EFBC}") = "NullableStruct", "NullableStruct.csproj", "{AE27EB93-F0DE-4C95-BB6A-38DD6332632A}"
EndProject
Global
	GlobalSection(SolutionConfigurationPlatforms) = preSolution
		Debug|Any CPU = Debug|Any CPU
		Release|Any CPU = Release|Any CPU
	EndGlobalSection
	GlobalSection(ProjectConfigurationPlatforms) = postSolution
		{AE27EB93-F0DE-4C95-BB6A-38DD6332632A}.Debug|Any CPU.ActiveCfg = Debug|Any CPU
		{AE27EB93-F0DE-4C95-BB6A-38DD6332632A}.Debug|Any CPU.Build.0 = Debug|Any CPU
		{AE27EB93-F0DE-4C95-BB6A-38DD6332632A}.Release|Any CPU.ActiveCfg = Release|Any CPU
		{AE27EB93-F0DE-4C95-BB6A-38DD6332632A}.Release|Any CPU.Build.0 = Release|Any CPU
	EndGlobalSection
	GlobalSection(SolutionProperties) = preSolution
		HideSolutionNode = FALSE
	EndGlobalSection
	GlobalSection(ExtensibilityGlobals) = postSolution
		SolutionGuid = {C197A555-137E-4C23-90E6-C6B7DC40EEB9}
	EndGlobalSection
EndGlobal
