
Microsoft Visual Studio Solution File, Format Version 12.00
# Visual Studio Version 17
VisualStudioVersion = 17.9.34723.18
MinimumVisualStudioVersion = 10.0.40219.1
Project("{FAE04EC0-301F-11D3-BF4B-00C04F79EFBC}") = "AtrybutUzytkownika1", "AtrybutUzytkownika1.csproj", "{F4416E8B-1BED-4B28-9B5A-B327D4DDFD18}"
EndProject
Global
	GlobalSection(SolutionConfigurationPlatforms) = preSolution
		Debug|Any CPU = Debug|Any CPU
		Release|Any CPU = Release|Any CPU
	EndGlobalSection
	GlobalSection(ProjectConfigurationPlatforms) = postSolution
		{F4416E8B-1BED-4B28-9B5A-B327D4DDFD18}.Debug|Any CPU.ActiveCfg = Debug|Any CPU
		{F4416E8B-1BED-4B28-9B5A-B327D4DDFD18}.Debug|Any CPU.Build.0 = Debug|Any CPU
		{F4416E8B-1BED-4B28-9B5A-B327D4DDFD18}.Release|Any CPU.ActiveCfg = Release|Any CPU
		{F4416E8B-1BED-4B28-9B5A-B327D4DDFD18}.Release|Any CPU.Build.0 = Release|Any CPU
	EndGlobalSection
	GlobalSection(SolutionProperties) = preSolution
		HideSolutionNode = FALSE
	EndGlobalSection
	GlobalSection(ExtensibilityGlobals) = postSolution
		SolutionGuid = {97B84106-929C-49DF-AEC2-8E98F61ECC98}
	EndGlobalSection
EndGlobal
