
Microsoft Visual Studio Solution File, Format Version 12.00
# Visual Studio Version 17
VisualStudioVersion = 17.9.34723.18
MinimumVisualStudioVersion = 10.0.40219.1
Project("{FAE04EC0-301F-11D3-BF4B-00C04F79EFBC}") = "JsonPrzyklad1", "JsonPrzyklad1.csproj", "{3662362C-ED40-4C3A-ABB7-7DA8D87314B5}"
EndProject
Global
	GlobalSection(SolutionConfigurationPlatforms) = preSolution
		Debug|Any CPU = Debug|Any CPU
		Release|Any CPU = Release|Any CPU
	EndGlobalSection
	GlobalSection(ProjectConfigurationPlatforms) = postSolution
		{3662362C-ED40-4C3A-ABB7-7DA8D87314B5}.Debug|Any CPU.ActiveCfg = Debug|Any CPU
		{3662362C-ED40-4C3A-ABB7-7DA8D87314B5}.Debug|Any CPU.Build.0 = Debug|Any CPU
		{3662362C-ED40-4C3A-ABB7-7DA8D87314B5}.Release|Any CPU.ActiveCfg = Release|Any CPU
		{3662362C-ED40-4C3A-ABB7-7DA8D87314B5}.Release|Any CPU.Build.0 = Release|Any CPU
	EndGlobalSection
	GlobalSection(SolutionProperties) = preSolution
		HideSolutionNode = FALSE
	EndGlobalSection
	GlobalSection(ExtensibilityGlobals) = postSolution
		SolutionGuid = {9FC158A7-2EA5-474A-9BE0-68A37CCECAC2}
	EndGlobalSection
EndGlobal
