
Microsoft Visual Studio Solution File, Format Version 12.00
# Visual Studio Version 17
VisualStudioVersion = 17.9.34622.214
MinimumVisualStudioVersion = 10.0.40219.1
Project("{FAE04EC0-301F-11D3-BF4B-00C04F79EFBC}") = "Event05", "Event05.csproj", "{E1C2ECAA-529C-4FA7-B58F-5D9CC5DF3448}"
EndProject
Global
	GlobalSection(SolutionConfigurationPlatforms) = preSolution
		Debug|Any CPU = Debug|Any CPU
		Release|Any CPU = Release|Any CPU
	EndGlobalSection
	GlobalSection(ProjectConfigurationPlatforms) = postSolution
		{E1C2ECAA-529C-4FA7-B58F-5D9CC5DF3448}.Debug|Any CPU.ActiveCfg = Debug|Any CPU
		{E1C2ECAA-529C-4FA7-B58F-5D9CC5DF3448}.Debug|Any CPU.Build.0 = Debug|Any CPU
		{E1C2ECAA-529C-4FA7-B58F-5D9CC5DF3448}.Release|Any CPU.ActiveCfg = Release|Any CPU
		{E1C2ECAA-529C-4FA7-B58F-5D9CC5DF3448}.Release|Any CPU.Build.0 = Release|Any CPU
	EndGlobalSection
	GlobalSection(SolutionProperties) = preSolution
		HideSolutionNode = FALSE
	EndGlobalSection
	GlobalSection(ExtensibilityGlobals) = postSolution
		SolutionGuid = {0776A676-5871-4DE1-A940-60181F229288}
	EndGlobalSection
EndGlobal
