
Microsoft Visual Studio Solution File, Format Version 12.00
# Visual Studio Version 17
VisualStudioVersion = 17.0.31903.59
MinimumVisualStudioVersion = 10.0.40219.1
Project("{FAE04EC0-301F-11D3-BF4B-00C04F79EFBC}") = "Z1", "Z1\Z1.csproj", "{FF1F6EE5-45F8-4F2A-A16B-00A4B295CE3C}"
EndProject
Project("{FAE04EC0-301F-11D3-BF4B-00C04F79EFBC}") = "Z2", "Z2\Z2.csproj", "{49D529FC-20D5-4C90-9DD3-5DC2365FF10F}"
EndProject
Project("{FAE04EC0-301F-11D3-BF4B-00C04F79EFBC}") = "Z22", "Z22\Z22.csproj", "{399C4761-51D8-42B7-A02F-D13433DEB749}"
EndProject
Global
	GlobalSection(SolutionConfigurationPlatforms) = preSolution
		Debug|Any CPU = Debug|Any CPU
		Debug|x64 = Debug|x64
		Debug|x86 = Debug|x86
		Release|Any CPU = Release|Any CPU
		Release|x64 = Release|x64
		Release|x86 = Release|x86
	EndGlobalSection
	GlobalSection(ProjectConfigurationPlatforms) = postSolution
		{FF1F6EE5-45F8-4F2A-A16B-00A4B295CE3C}.Debug|Any CPU.ActiveCfg = Debug|Any CPU
		{FF1F6EE5-45F8-4F2A-A16B-00A4B295CE3C}.Debug|Any CPU.Build.0 = Debug|Any CPU
		{FF1F6EE5-45F8-4F2A-A16B-00A4B295CE3C}.Debug|x64.ActiveCfg = Debug|Any CPU
		{FF1F6EE5-45F8-4F2A-A16B-00A4B295CE3C}.Debug|x64.Build.0 = Debug|Any CPU
		{FF1F6EE5-45F8-4F2A-A16B-00A4B295CE3C}.Debug|x86.ActiveCfg = Debug|Any CPU
		{FF1F6EE5-45F8-4F2A-A16B-00A4B295CE3C}.Debug|x86.Build.0 = Debug|Any CPU
		{FF1F6EE5-45F8-4F2A-A16B-00A4B295CE3C}.Release|Any CPU.ActiveCfg = Release|Any CPU
		{FF1F6EE5-45F8-4F2A-A16B-00A4B295CE3C}.Release|Any CPU.Build.0 = Release|Any CPU
		{FF1F6EE5-45F8-4F2A-A16B-00A4B295CE3C}.Release|x64.ActiveCfg = Release|Any CPU
		{FF1F6EE5-45F8-4F2A-A16B-00A4B295CE3C}.Release|x64.Build.0 = Release|Any CPU
		{FF1F6EE5-45F8-4F2A-A16B-00A4B295CE3C}.Release|x86.ActiveCfg = Release|Any CPU
		{FF1F6EE5-45F8-4F2A-A16B-00A4B295CE3C}.Release|x86.Build.0 = Release|Any CPU
		{49D529FC-20D5-4C90-9DD3-5DC2365FF10F}.Debug|Any CPU.ActiveCfg = Debug|Any CPU
		{49D529FC-20D5-4C90-9DD3-5DC2365FF10F}.Debug|Any CPU.Build.0 = Debug|Any CPU
		{49D529FC-20D5-4C90-9DD3-5DC2365FF10F}.Debug|x64.ActiveCfg = Debug|Any CPU
		{49D529FC-20D5-4C90-9DD3-5DC2365FF10F}.Debug|x64.Build.0 = Debug|Any CPU
		{49D529FC-20D5-4C90-9DD3-5DC2365FF10F}.Debug|x86.ActiveCfg = Debug|Any CPU
		{49D529FC-20D5-4C90-9DD3-5DC2365FF10F}.Debug|x86.Build.0 = Debug|Any CPU
		{49D529FC-20D5-4C90-9DD3-5DC2365FF10F}.Release|Any CPU.ActiveCfg = Release|Any CPU
		{49D529FC-20D5-4C90-9DD3-5DC2365FF10F}.Release|Any CPU.Build.0 = Release|Any CPU
		{49D529FC-20D5-4C90-9DD3-5DC2365FF10F}.Release|x64.ActiveCfg = Release|Any CPU
		{49D529FC-20D5-4C90-9DD3-5DC2365FF10F}.Release|x64.Build.0 = Release|Any CPU
		{49D529FC-20D5-4C90-9DD3-5DC2365FF10F}.Release|x86.ActiveCfg = Release|Any CPU
		{49D529FC-20D5-4C90-9DD3-5DC2365FF10F}.Release|x86.Build.0 = Release|Any CPU
		{399C4761-51D8-42B7-A02F-D13433DEB749}.Debug|Any CPU.ActiveCfg = Debug|Any CPU
		{399C4761-51D8-42B7-A02F-D13433DEB749}.Debug|Any CPU.Build.0 = Debug|Any CPU
		{399C4761-51D8-42B7-A02F-D13433DEB749}.Debug|x64.ActiveCfg = Debug|Any CPU
		{399C4761-51D8-42B7-A02F-D13433DEB749}.Debug|x64.Build.0 = Debug|Any CPU
		{399C4761-51D8-42B7-A02F-D13433DEB749}.Debug|x86.ActiveCfg = Debug|Any CPU
		{399C4761-51D8-42B7-A02F-D13433DEB749}.Debug|x86.Build.0 = Debug|Any CPU
		{399C4761-51D8-42B7-A02F-D13433DEB749}.Release|Any CPU.ActiveCfg = Release|Any CPU
		{399C4761-51D8-42B7-A02F-D13433DEB749}.Release|Any CPU.Build.0 = Release|Any CPU
		{399C4761-51D8-42B7-A02F-D13433DEB749}.Release|x64.ActiveCfg = Release|Any CPU
		{399C4761-51D8-42B7-A02F-D13433DEB749}.Release|x64.Build.0 = Release|Any CPU
		{399C4761-51D8-42B7-A02F-D13433DEB749}.Release|x86.ActiveCfg = Release|Any CPU
		{399C4761-51D8-42B7-A02F-D13433DEB749}.Release|x86.Build.0 = Release|Any CPU
	EndGlobalSection
	GlobalSection(SolutionProperties) = preSolution
		HideSolutionNode = FALSE
	EndGlobalSection
EndGlobal
