
Microsoft Visual Studio Solution File, Format Version 12.00
# Visual Studio Version 17
VisualStudioVersion = 17.0.31903.59
MinimumVisualStudioVersion = 10.0.40219.1
Project("{FAE04EC0-301F-11D3-BF4B-00C04F79EFBC}") = "Project", "Project\Project.csproj", "{73FAE1BF-8C4B-404A-8CC5-059A1AEBE168}"
EndProject
Project("{FAE04EC0-301F-11D3-BF4B-00C04F79EFBC}") = "Project2", "Project2\Project2.csproj", "{6FB5CE95-C899-438E-A5E2-C89FD7B1159C}"
EndProject
Project("{FAE04EC0-301F-11D3-BF4B-00C04F79EFBC}") = "Projekt2", "Projekt2\Projekt2.csproj", "{F50E24C4-C37D-4233-B504-3675F8C29795}"
EndProject
Global
	GlobalSection(SolutionConfigurationPlatforms) = preSolution
		Debug|Any CPU = Debug|Any CPU
		Debug|x64 = Debug|x64
		Debug|x86 = Debug|x86
		Release|Any CPU = Release|Any CPU
		Release|x64 = Release|x64
		Release|x86 = Release|x86
	EndGlobalSection
	GlobalSection(ProjectConfigurationPlatforms) = postSolution
		{73FAE1BF-8C4B-404A-8CC5-059A1AEBE168}.Debug|Any CPU.ActiveCfg = Debug|Any CPU
		{73FAE1BF-8C4B-404A-8CC5-059A1AEBE168}.Debug|Any CPU.Build.0 = Debug|Any CPU
		{73FAE1BF-8C4B-404A-8CC5-059A1AEBE168}.Debug|x64.ActiveCfg = Debug|Any CPU
		{73FAE1BF-8C4B-404A-8CC5-059A1AEBE168}.Debug|x64.Build.0 = Debug|Any CPU
		{73FAE1BF-8C4B-404A-8CC5-059A1AEBE168}.Debug|x86.ActiveCfg = Debug|Any CPU
		{73FAE1BF-8C4B-404A-8CC5-059A1AEBE168}.Debug|x86.Build.0 = Debug|Any CPU
		{73FAE1BF-8C4B-404A-8CC5-059A1AEBE168}.Release|Any CPU.ActiveCfg = Release|Any CPU
		{73FAE1BF-8C4B-404A-8CC5-059A1AEBE168}.Release|Any CPU.Build.0 = Release|Any CPU
		{73FAE1BF-8C4B-404A-8CC5-059A1AEBE168}.Release|x64.ActiveCfg = Release|Any CPU
		{73FAE1BF-8C4B-404A-8CC5-059A1AEBE168}.Release|x64.Build.0 = Release|Any CPU
		{73FAE1BF-8C4B-404A-8CC5-059A1AEBE168}.Release|x86.ActiveCfg = Release|Any CPU
		{73FAE1BF-8C4B-404A-8CC5-059A1AEBE168}.Release|x86.Build.0 = Release|Any CPU
		{6FB5CE95-C899-438E-A5E2-C89FD7B1159C}.Debug|Any CPU.ActiveCfg = Debug|Any CPU
		{6FB5CE95-C899-438E-A5E2-C89FD7B1159C}.Debug|Any CPU.Build.0 = Debug|Any CPU
		{6FB5CE95-C899-438E-A5E2-C89FD7B1159C}.Debug|x64.ActiveCfg = Debug|Any CPU
		{6FB5CE95-C899-438E-A5E2-C89FD7B1159C}.Debug|x64.Build.0 = Debug|Any CPU
		{6FB5CE95-C899-438E-A5E2-C89FD7B1159C}.Debug|x86.ActiveCfg = Debug|Any CPU
		{6FB5CE95-C899-438E-A5E2-C89FD7B1159C}.Debug|x86.Build.0 = Debug|Any CPU
		{6FB5CE95-C899-438E-A5E2-C89FD7B1159C}.Release|Any CPU.ActiveCfg = Release|Any CPU
		{6FB5CE95-C899-438E-A5E2-C89FD7B1159C}.Release|Any CPU.Build.0 = Release|Any CPU
		{6FB5CE95-C899-438E-A5E2-C89FD7B1159C}.Release|x64.ActiveCfg = Release|Any CPU
		{6FB5CE95-C899-438E-A5E2-C89FD7B1159C}.Release|x64.Build.0 = Release|Any CPU
		{6FB5CE95-C899-438E-A5E2-C89FD7B1159C}.Release|x86.ActiveCfg = Release|Any CPU
		{6FB5CE95-C899-438E-A5E2-C89FD7B1159C}.Release|x86.Build.0 = Release|Any CPU
		{F50E24C4-C37D-4233-B504-3675F8C29795}.Debug|Any CPU.ActiveCfg = Debug|Any CPU
		{F50E24C4-C37D-4233-B504-3675F8C29795}.Debug|Any CPU.Build.0 = Debug|Any CPU
		{F50E24C4-C37D-4233-B504-3675F8C29795}.Debug|x64.ActiveCfg = Debug|Any CPU
		{F50E24C4-C37D-4233-B504-3675F8C29795}.Debug|x64.Build.0 = Debug|Any CPU
		{F50E24C4-C37D-4233-B504-3675F8C29795}.Debug|x86.ActiveCfg = Debug|Any CPU
		{F50E24C4-C37D-4233-B504-3675F8C29795}.Debug|x86.Build.0 = Debug|Any CPU
		{F50E24C4-C37D-4233-B504-3675F8C29795}.Release|Any CPU.ActiveCfg = Release|Any CPU
		{F50E24C4-C37D-4233-B504-3675F8C29795}.Release|Any CPU.Build.0 = Release|Any CPU
		{F50E24C4-C37D-4233-B504-3675F8C29795}.Release|x64.ActiveCfg = Release|Any CPU
		{F50E24C4-C37D-4233-B504-3675F8C29795}.Release|x64.Build.0 = Release|Any CPU
		{F50E24C4-C37D-4233-B504-3675F8C29795}.Release|x86.ActiveCfg = Release|Any CPU
		{F50E24C4-C37D-4233-B504-3675F8C29795}.Release|x86.Build.0 = Release|Any CPU
	EndGlobalSection
	GlobalSection(SolutionProperties) = preSolution
		HideSolutionNode = FALSE
	EndGlobalSection
EndGlobal
