
Microsoft Visual Studio Solution File, Format Version 12.00
# Visual Studio Version 17
VisualStudioVersion = 17.2.32516.85
MinimumVisualStudioVersion = 10.0.40219.1
Project("{9A19103F-16F7-4668-BE54-9A1E7A4F7556}") = "Calculator", "Calculator\Calculator.csproj", "{AAA69ABA-B57E-401F-AF24-A89EA9A64B2F}"
EndProject
Project("{FAE04EC0-301F-11D3-BF4B-00C04F79EFBC}") = "Calculator.Tests", "Calculator.Tests\Calculator.Tests.csproj", "{A418DFB5-42BE-499E-A992-BE70E5D91C14}"
EndProject
Global
	GlobalSection(SolutionConfigurationPlatforms) = preSolution
		Debug|Any CPU = Debug|Any CPU
		Release|Any CPU = Release|Any CPU
	EndGlobalSection
	GlobalSection(ProjectConfigurationPlatforms) = postSolution
		{AAA69ABA-B57E-401F-AF24-A89EA9A64B2F}.Debug|Any CPU.ActiveCfg = Debug|Any CPU
		{AAA69ABA-B57E-401F-AF24-A89EA9A64B2F}.Debug|Any CPU.Build.0 = Debug|Any CPU
		{AAA69ABA-B57E-401F-AF24-A89EA9A64B2F}.Release|Any CPU.ActiveCfg = Release|Any CPU
		{AAA69ABA-B57E-401F-AF24-A89EA9A64B2F}.Release|Any CPU.Build.0 = Release|Any CPU
		{A418DFB5-42BE-499E-A992-BE70E5D91C14}.Debug|Any CPU.ActiveCfg = Debug|Any CPU
		{A418DFB5-42BE-499E-A992-BE70E5D91C14}.Debug|Any CPU.Build.0 = Debug|Any CPU
		{A418DFB5-42BE-499E-A992-BE70E5D91C14}.Release|Any CPU.ActiveCfg = Release|Any CPU
		{A418DFB5-42BE-499E-A992-BE70E5D91C14}.Release|Any CPU.Build.0 = Release|Any CPU
	EndGlobalSection
	GlobalSection(SolutionProperties) = preSolution
		HideSolutionNode = FALSE
	EndGlobalSection
	GlobalSection(ExtensibilityGlobals) = postSolution
		SolutionGuid = {BD908BEE-06F1-4695-8475-7DD81794AD8B}
	EndGlobalSection
EndGlobal
