Microsoft Visual Studio Solution File, Format Version 12.00
# Visual Studio Version 17
VisualStudioVersion = 17.5.2.0
MinimumVisualStudioVersion = 10.0.40219.1
Project("{FAE04EC0-301F-11D3-BF4B-00C04F79EFBC}") = "Z22", "Z22.csproj", "{93A21A58-980F-D223-41E9-7349C429810E}"
EndProject
Global
	GlobalSection(SolutionConfigurationPlatforms) = preSolution
		Debug|Any CPU = Debug|Any CPU
		Release|Any CPU = Release|Any CPU
	EndGlobalSection
	GlobalSection(ProjectConfigurationPlatforms) = postSolution
		{93A21A58-980F-D223-41E9-7349C429810E}.Debug|Any CPU.ActiveCfg = Debug|Any CPU
		{93A21A58-980F-D223-41E9-7349C429810E}.Debug|Any CPU.Build.0 = Debug|Any CPU
		{93A21A58-980F-D223-41E9-7349C429810E}.Release|Any CPU.ActiveCfg = Release|Any CPU
		{93A21A58-980F-D223-41E9-7349C429810E}.Release|Any CPU.Build.0 = Release|Any CPU
	EndGlobalSection
	GlobalSection(SolutionProperties) = preSolution
		HideSolutionNode = FALSE
	EndGlobalSection
	GlobalSection(ExtensibilityGlobals) = postSolution
		SolutionGuid = {0C7D4850-5084-4A3F-B75D-77119308B812}
	EndGlobalSection
EndGlobal
