Microsoft Visual Studio Solution File, Format Version 12.00
# Visual Studio Version 17
VisualStudioVersion = 17.5.2.0
MinimumVisualStudioVersion = 10.0.40219.1
Project("{FAE04EC0-301F-11D3-BF4B-00C04F79EFBC}") = "Z1", "Z1.csproj", "{7EF40D6F-C172-8A84-F47F-175AAB3A2A54}"
EndProject
Global
	GlobalSection(SolutionConfigurationPlatforms) = preSolution
		Debug|Any CPU = Debug|Any CPU
		Release|Any CPU = Release|Any CPU
	EndGlobalSection
	GlobalSection(ProjectConfigurationPlatforms) = postSolution
		{7EF40D6F-C172-8A84-F47F-175AAB3A2A54}.Debug|Any CPU.ActiveCfg = Debug|Any CPU
		{7EF40D6F-C172-8A84-F47F-175AAB3A2A54}.Debug|Any CPU.Build.0 = Debug|Any CPU
		{7EF40D6F-C172-8A84-F47F-175AAB3A2A54}.Release|Any CPU.ActiveCfg = Release|Any CPU
		{7EF40D6F-C172-8A84-F47F-175AAB3A2A54}.Release|Any CPU.Build.0 = Release|Any CPU
	EndGlobalSection
	GlobalSection(SolutionProperties) = preSolution
		HideSolutionNode = FALSE
	EndGlobalSection
	GlobalSection(ExtensibilityGlobals) = postSolution
		SolutionGuid = {76DBA267-CC70-4D20-B6C3-71769ED70742}
	EndGlobalSection
EndGlobal
