
Microsoft Visual Studio Solution File, Format Version 12.00
# Visual Studio Version 17
VisualStudioVersion = 17.0.31903.59
MinimumVisualStudioVersion = 10.0.40219.1
Project("{FAE04EC0-301F-11D3-BF4B-00C04F79EFBC}") = "Przestrzen_nazw_i_klasa", "Przestrzen_nazw_i_klasa\Przestrzen_nazw_i_klasa.csproj", "{402CDA5D-54D9-4773-B212-CEC0CAC1DF89}"
EndProject
Project("{FAE04EC0-301F-11D3-BF4B-00C04F79EFBC}") = "Project", "Project\Project.csproj", "{9AEDAE81-C343-4183-BF7D-270AFACBAC76}"
EndProject
Global
	GlobalSection(SolutionConfigurationPlatforms) = preSolution
		Debug|Any CPU = Debug|Any CPU
		Debug|x64 = Debug|x64
		Debug|x86 = Debug|x86
		Release|Any CPU = Release|Any CPU
		Release|x64 = Release|x64
		Release|x86 = Release|x86
	EndGlobalSection
	GlobalSection(ProjectConfigurationPlatforms) = postSolution
		{402CDA5D-54D9-4773-B212-CEC0CAC1DF89}.Debug|Any CPU.ActiveCfg = Debug|Any CPU
		{402CDA5D-54D9-4773-B212-CEC0CAC1DF89}.Debug|Any CPU.Build.0 = Debug|Any CPU
		{402CDA5D-54D9-4773-B212-CEC0CAC1DF89}.Debug|x64.ActiveCfg = Debug|Any CPU
		{402CDA5D-54D9-4773-B212-CEC0CAC1DF89}.Debug|x64.Build.0 = Debug|Any CPU
		{402CDA5D-54D9-4773-B212-CEC0CAC1DF89}.Debug|x86.ActiveCfg = Debug|Any CPU
		{402CDA5D-54D9-4773-B212-CEC0CAC1DF89}.Debug|x86.Build.0 = Debug|Any CPU
		{402CDA5D-54D9-4773-B212-CEC0CAC1DF89}.Release|Any CPU.ActiveCfg = Release|Any CPU
		{402CDA5D-54D9-4773-B212-CEC0CAC1DF89}.Release|Any CPU.Build.0 = Release|Any CPU
		{402CDA5D-54D9-4773-B212-CEC0CAC1DF89}.Release|x64.ActiveCfg = Release|Any CPU
		{402CDA5D-54D9-4773-B212-CEC0CAC1DF89}.Release|x64.Build.0 = Release|Any CPU
		{402CDA5D-54D9-4773-B212-CEC0CAC1DF89}.Release|x86.ActiveCfg = Release|Any CPU
		{402CDA5D-54D9-4773-B212-CEC0CAC1DF89}.Release|x86.Build.0 = Release|Any CPU
		{9AEDAE81-C343-4183-BF7D-270AFACBAC76}.Debug|Any CPU.ActiveCfg = Debug|Any CPU
		{9AEDAE81-C343-4183-BF7D-270AFACBAC76}.Debug|Any CPU.Build.0 = Debug|Any CPU
		{9AEDAE81-C343-4183-BF7D-270AFACBAC76}.Debug|x64.ActiveCfg = Debug|Any CPU
		{9AEDAE81-C343-4183-BF7D-270AFACBAC76}.Debug|x64.Build.0 = Debug|Any CPU
		{9AEDAE81-C343-4183-BF7D-270AFACBAC76}.Debug|x86.ActiveCfg = Debug|Any CPU
		{9AEDAE81-C343-4183-BF7D-270AFACBAC76}.Debug|x86.Build.0 = Debug|Any CPU
		{9AEDAE81-C343-4183-BF7D-270AFACBAC76}.Release|Any CPU.ActiveCfg = Release|Any CPU
		{9AEDAE81-C343-4183-BF7D-270AFACBAC76}.Release|Any CPU.Build.0 = Release|Any CPU
		{9AEDAE81-C343-4183-BF7D-270AFACBAC76}.Release|x64.ActiveCfg = Release|Any CPU
		{9AEDAE81-C343-4183-BF7D-270AFACBAC76}.Release|x64.Build.0 = Release|Any CPU
		{9AEDAE81-C343-4183-BF7D-270AFACBAC76}.Release|x86.ActiveCfg = Release|Any CPU
		{9AEDAE81-C343-4183-BF7D-270AFACBAC76}.Release|x86.Build.0 = Release|Any CPU
	EndGlobalSection
	GlobalSection(SolutionProperties) = preSolution
		HideSolutionNode = FALSE
	EndGlobalSection
EndGlobal
