
Microsoft Visual Studio Solution File, Format Version 12.00
# Visual Studio Version 17
VisualStudioVersion = 17.9.34622.214
MinimumVisualStudioVersion = 10.0.40219.1
Project("{FAE04EC0-301F-11D3-BF4B-00C04F79EFBC}") = "Zdarzenia", "Zdarzenia.csproj", "{A0F6221D-A645-4444-AE7A-33D22E4D6E1D}"
EndProject
Global
	GlobalSection(SolutionConfigurationPlatforms) = preSolution
		Debug|Any CPU = Debug|Any CPU
		Release|Any CPU = Release|Any CPU
	EndGlobalSection
	GlobalSection(ProjectConfigurationPlatforms) = postSolution
		{A0F6221D-A645-4444-AE7A-33D22E4D6E1D}.Debug|Any CPU.ActiveCfg = Debug|Any CPU
		{A0F6221D-A645-4444-AE7A-33D22E4D6E1D}.Debug|Any CPU.Build.0 = Debug|Any CPU
		{A0F6221D-A645-4444-AE7A-33D22E4D6E1D}.Release|Any CPU.ActiveCfg = Release|Any CPU
		{A0F6221D-A645-4444-AE7A-33D22E4D6E1D}.Release|Any CPU.Build.0 = Release|Any CPU
	EndGlobalSection
	GlobalSection(SolutionProperties) = preSolution
		HideSolutionNode = FALSE
	EndGlobalSection
	GlobalSection(ExtensibilityGlobals) = postSolution
		SolutionGuid = {C0209A52-0615-480B-85E1-027935327CE4}
	EndGlobalSection
EndGlobal
