
Microsoft Visual Studio Solution File, Format Version 12.00
# Visual Studio Version 17
VisualStudioVersion = 17.5.33502.453
MinimumVisualStudioVersion = 10.0.40219.1
Project("{9A19103F-16F7-4668-BE54-9A1E7A4F7556}") = "L8", "L8\L8.csproj", "{CF8F8E97-3818-4F4F-BAD6-F30BC6F8793E}"
EndProject
Global
	GlobalSection(SolutionConfigurationPlatforms) = preSolution
		Debug|Any CPU = Debug|Any CPU
		Release|Any CPU = Release|Any CPU
	EndGlobalSection
	GlobalSection(ProjectConfigurationPlatforms) = postSolution
		{CF8F8E97-3818-4F4F-BAD6-F30BC6F8793E}.Debug|Any CPU.ActiveCfg = Debug|Any CPU
		{CF8F8E97-3818-4F4F-BAD6-F30BC6F8793E}.Debug|Any CPU.Build.0 = Debug|Any CPU
		{CF8F8E97-3818-4F4F-BAD6-F30BC6F8793E}.Release|Any CPU.ActiveCfg = Release|Any CPU
		{CF8F8E97-3818-4F4F-BAD6-F30BC6F8793E}.Release|Any CPU.Build.0 = Release|Any CPU
	EndGlobalSection
	GlobalSection(SolutionProperties) = preSolution
		HideSolutionNode = FALSE
	EndGlobalSection
	GlobalSection(ExtensibilityGlobals) = postSolution
		SolutionGuid = {BD6B85B7-CF9C-47CB-AF31-C940BF42F4CE}
	EndGlobalSection
EndGlobal
