
Microsoft Visual Studio Solution File, Format Version 12.00
# Visual Studio Version 17
VisualStudioVersion = 17.9.34723.18
MinimumVisualStudioVersion = 10.0.40219.1
Project("{FAE04EC0-301F-11D3-BF4B-00C04F79EFBC}") = "SuperDouble", "SuperDouble.csproj", "{D4E7C32B-AF64-4A07-B6C9-9AEE08CFA1BD}"
EndProject
Global
	GlobalSection(SolutionConfigurationPlatforms) = preSolution
		Debug|Any CPU = Debug|Any CPU
		Release|Any CPU = Release|Any CPU
	EndGlobalSection
	GlobalSection(ProjectConfigurationPlatforms) = postSolution
		{D4E7C32B-AF64-4A07-B6C9-9AEE08CFA1BD}.Debug|Any CPU.ActiveCfg = Debug|Any CPU
		{D4E7C32B-AF64-4A07-B6C9-9AEE08CFA1BD}.Debug|Any CPU.Build.0 = Debug|Any CPU
		{D4E7C32B-AF64-4A07-B6C9-9AEE08CFA1BD}.Release|Any CPU.ActiveCfg = Release|Any CPU
		{D4E7C32B-AF64-4A07-B6C9-9AEE08CFA1BD}.Release|Any CPU.Build.0 = Release|Any CPU
	EndGlobalSection
	GlobalSection(SolutionProperties) = preSolution
		HideSolutionNode = FALSE
	EndGlobalSection
	GlobalSection(ExtensibilityGlobals) = postSolution
		SolutionGuid = {C1369043-7B82-4BCC-8F12-E0D5BC103430}
	EndGlobalSection
EndGlobal
